
Microsoft Visual Studio Solution File, Format Version 12.00
# Visual Studio 2012
Project("{FAE04EC0-301F-11D3-BF4B-00C04F79EFBC}") = "NewXamarinPages", "NewXamarinPages\NewXamarinPages.csproj", "{EB9D14D2-235D-4956-93E3-C994262C54B2}"
EndProject
Project("{FAE04EC0-301F-11D3-BF4B-00C04F79EFBC}") = "NewXamarinPages.iOS", "iOS\NewXamarinPages.iOS.csproj", "{D8E8236E-47EC-401A-B517-7BBA33645CFC}"
EndProject
Project("{FAE04EC0-301F-11D3-BF4B-00C04F79EFBC}") = "NewXamarinPages.Droid", "Droid\NewXamarinPages.Droid.csproj", "{40C8DAA8-8486-47B6-82BD-AD690F0A113D}"
EndProject
Global
	GlobalSection(SolutionConfigurationPlatforms) = preSolution
		Debug|Any CPU = Debug|Any CPU
		Release|Any CPU = Release|Any CPU
		Debug|iPhoneSimulator = Debug|iPhoneSimulator
		Release|iPhone = Release|iPhone
		Release|iPhoneSimulator = Release|iPhoneSimulator
		Debug|iPhone = Debug|iPhone
	EndGlobalSection
	GlobalSection(ProjectConfigurationPlatforms) = postSolution
		{EB9D14D2-235D-4956-93E3-C994262C54B2}.Debug|Any CPU.ActiveCfg = Debug|Any CPU
		{EB9D14D2-235D-4956-93E3-C994262C54B2}.Debug|Any CPU.Build.0 = Debug|Any CPU
		{EB9D14D2-235D-4956-93E3-C994262C54B2}.Release|Any CPU.ActiveCfg = Release|Any CPU
		{EB9D14D2-235D-4956-93E3-C994262C54B2}.Release|Any CPU.Build.0 = Release|Any CPU
		{EB9D14D2-235D-4956-93E3-C994262C54B2}.Debug|iPhoneSimulator.ActiveCfg = Debug|Any CPU
		{EB9D14D2-235D-4956-93E3-C994262C54B2}.Debug|iPhoneSimulator.Build.0 = Debug|Any CPU
		{EB9D14D2-235D-4956-93E3-C994262C54B2}.Release|iPhone.ActiveCfg = Release|Any CPU
		{EB9D14D2-235D-4956-93E3-C994262C54B2}.Release|iPhone.Build.0 = Release|Any CPU
		{EB9D14D2-235D-4956-93E3-C994262C54B2}.Release|iPhoneSimulator.ActiveCfg = Release|Any CPU
		{EB9D14D2-235D-4956-93E3-C994262C54B2}.Release|iPhoneSimulator.Build.0 = Release|Any CPU
		{EB9D14D2-235D-4956-93E3-C994262C54B2}.Debug|iPhone.ActiveCfg = Debug|Any CPU
		{EB9D14D2-235D-4956-93E3-C994262C54B2}.Debug|iPhone.Build.0 = Debug|Any CPU
		{D8E8236E-47EC-401A-B517-7BBA33645CFC}.Debug|Any CPU.ActiveCfg = Debug|iPhoneSimulator
		{D8E8236E-47EC-401A-B517-7BBA33645CFC}.Debug|Any CPU.Build.0 = Debug|iPhoneSimulator
		{D8E8236E-47EC-401A-B517-7BBA33645CFC}.Release|Any CPU.ActiveCfg = Debug|iPhoneSimulator
		{D8E8236E-47EC-401A-B517-7BBA33645CFC}.Release|Any CPU.Build.0 = Debug|iPhoneSimulator
		{D8E8236E-47EC-401A-B517-7BBA33645CFC}.Debug|iPhoneSimulator.ActiveCfg = Debug|iPhoneSimulator
		{D8E8236E-47EC-401A-B517-7BBA33645CFC}.Debug|iPhoneSimulator.Build.0 = Debug|iPhoneSimulator
		{D8E8236E-47EC-401A-B517-7BBA33645CFC}.Release|iPhone.ActiveCfg = Release|iPhone
		{D8E8236E-47EC-401A-B517-7BBA33645CFC}.Release|iPhone.Build.0 = Release|iPhone
		{D8E8236E-47EC-401A-B517-7BBA33645CFC}.Release|iPhoneSimulator.ActiveCfg = Release|iPhoneSimulator
		{D8E8236E-47EC-401A-B517-7BBA33645CFC}.Release|iPhoneSimulator.Build.0 = Release|iPhoneSimulator
		{D8E8236E-47EC-401A-B517-7BBA33645CFC}.Debug|iPhone.ActiveCfg = Debug|iPhone
		{D8E8236E-47EC-401A-B517-7BBA33645CFC}.Debug|iPhone.Build.0 = Debug|iPhone
		{40C8DAA8-8486-47B6-82BD-AD690F0A113D}.Debug|Any CPU.ActiveCfg = Debug|Any CPU
		{40C8DAA8-8486-47B6-82BD-AD690F0A113D}.Debug|Any CPU.Build.0 = Debug|Any CPU
		{40C8DAA8-8486-47B6-82BD-AD690F0A113D}.Release|Any CPU.ActiveCfg = Release|Any CPU
		{40C8DAA8-8486-47B6-82BD-AD690F0A113D}.Release|Any CPU.Build.0 = Release|Any CPU
		{40C8DAA8-8486-47B6-82BD-AD690F0A113D}.Debug|iPhoneSimulator.ActiveCfg = Debug|Any CPU
		{40C8DAA8-8486-47B6-82BD-AD690F0A113D}.Debug|iPhoneSimulator.Build.0 = Debug|Any CPU
		{40C8DAA8-8486-47B6-82BD-AD690F0A113D}.Release|iPhone.ActiveCfg = Release|Any CPU
		{40C8DAA8-8486-47B6-82BD-AD690F0A113D}.Release|iPhone.Build.0 = Release|Any CPU
		{40C8DAA8-8486-47B6-82BD-AD690F0A113D}.Release|iPhoneSimulator.ActiveCfg = Release|Any CPU
		{40C8DAA8-8486-47B6-82BD-AD690F0A113D}.Release|iPhoneSimulator.Build.0 = Release|Any CPU
		{40C8DAA8-8486-47B6-82BD-AD690F0A113D}.Debug|iPhone.ActiveCfg = Debug|Any CPU
		{40C8DAA8-8486-47B6-82BD-AD690F0A113D}.Debug|iPhone.Build.0 = Debug|Any CPU
	EndGlobalSection
EndGlobal
